// !$*UTF8*$!
{
	archiveVersion = 1;
	classes = {
	};
	objectVersion = 46;
	objects = {

/* Begin PBXBuildFile section */
		EB49CB8D1D1BEE7E004D24EF /* main.m in Sources */ = {isa = PBXBuildFile; fileRef = EB49CB8C1D1BEE7E004D24EF /* main.m */; };
		EB49CB901D1BEE7E004D24EF /* AppDelegate.m in Sources */ = {isa = PBXBuildFile; fileRef = EB49CB8F1D1BEE7E004D24EF /* AppDelegate.m */; };
		EB49CB981D1BEE7E004D24EF /* Assets.xcassets in Resources */ = {isa = PBXBuildFile; fileRef = EB49CB971D1BEE7E004D24EF /* Assets.xcassets */; };
		EB49CB9B1D1BEE7E004D24EF /* LaunchScreen.storyboard in Resources */ = {isa = PBXBuildFile; fileRef = EB49CB991D1BEE7E004D24EF /* LaunchScreen.storyboard */; };
		EB49CBA31D1BEE8D004D24EF /* Main.storyboard in Resources */ = {isa = PBXBuildFile; fileRef = EB49CBA21D1BEE8D004D24EF /* Main.storyboard */; };
		EB49CBA51D1BEEAD004D24EF /* ViewController.m in Sources */ = {isa = PBXBuildFile; fileRef = EB49CBA41D1BEEAD004D24EF /* ViewController.m */; };
/* End PBXBuildFile section */

/* Begin PBXFileReference section */
		EB49CB881D1BEE7E004D24EF /* popMM.app */ = {isa = PBXFileReference; explicitFileType = wrapper.application; includeInIndex = 0; path = popMM.app; sourceTree = BUILT_PRODUCTS_DIR; };
		EB49CB8C1D1BEE7E004D24EF /* main.m */ = {isa = PBXFileReference; lastKnownFileType = sourcecode.c.objc; path = main.m; sourceTree = "<group>"; };
		EB49CB8E1D1BEE7E004D24EF /* AppDelegate.h */ = {isa = PBXFileReference; lastKnownFileType = sourcecode.c.h; path = AppDelegate.h; sourceTree = "<group>"; };
		EB49CB8F1D1BEE7E004D24EF /* AppDelegate.m */ = {isa = PBXFileReference; lastKnownFileType = sourcecode.c.objc; path = AppDelegate.m; sourceTree = "<group>"; };
		EB49CB911D1BEE7E004D24EF /* ViewController.h */ = {isa = PBXFileReference; lastKnownFileType = sourcecode.c.h; path = ViewController.h; sourceTree = "<group>"; };
		EB49CB971D1BEE7E004D24EF /* Assets.xcassets */ = {isa = PBXFileReference; lastKnownFileType = folder.assetcatalog; path = Assets.xcassets; sourceTree = "<group>"; };
		EB49CB9A1D1BEE7E004D24EF /* Base */ = {isa = PBXFileReference; lastKnownFileType = file.storyboard; name = Base; path = Base.lproj/LaunchScreen.storyboard; sourceTree = "<group>"; };
		EB49CB9C1D1BEE7E004D24EF /* Info.plist */ = {isa = PBXFileReference; lastKnownFileType = text.plist.xml; path = Info.plist; sourceTree = "<group>"; };
		EB49CBA21D1BEE8D004D24EF /* Main.storyboard */ = {isa = PBXFileReference; fileEncoding = 4; lastKnownFileType = file.storyboard; path = Main.storyboard; sourceTree = "<group>"; };
		EB49CBA41D1BEEAD004D24EF /* ViewController.m */ = {isa = PBXFileReference; fileEncoding = 4; lastKnownFileType = sourcecode.c.objc; path = ViewController.m; sourceTree = "<group>"; };
/* End PBXFileReference section */

/* Begin PBXFrameworksBuildPhase section */
		EB49CB851D1BEE7E004D24EF /* Frameworks */ = {
			isa = PBXFrameworksBuildPhase;
			buildActionMask = 2147483647;
			files = (
			);
			runOnlyForDeploymentPostprocessing = 0;
		};
/* End PBXFrameworksBuildPhase section */

/* Begin PBXGroup section */
		EB49CB7F1D1BEE7E004D24EF = {
			isa = PBXGroup;
			children = (
				EB49CB8A1D1BEE7E004D24EF /* popMM */,
				EB49CB891D1BEE7E004D24EF /* Products */,
			);
			sourceTree = "<group>";
		};
		EB49CB891D1BEE7E004D24EF /* Products */ = {
			isa = PBXGroup;
			children = (
				EB49CB881D1BEE7E004D24EF /* popMM.app */,
			);
			name = Products;
			sourceTree = "<group>";
		};
		EB49CB8A1D1BEE7E004D24EF /* popMM */ = {
			isa = PBXGroup;
			children = (
				EB49CB8E1D1BEE7E004D24EF /* AppDelegate.h */,
				EB49CB8F1D1BEE7E004D24EF /* AppDelegate.m */,
				EB49CB911D1BEE7E004D24EF /* ViewController.h */,
				EB49CBA41D1BEEAD004D24EF /* ViewController.m */,
				EB49CBA21D1BEE8D004D24EF /* Main.storyboard */,
				EB49CB971D1BEE7E004D24EF /* Assets.xcassets */,
				EB49CB991D1BEE7E004D24EF /* LaunchScreen.storyboard */,
				EB49CB9C1D1BEE7E004D24EF /* Info.plist */,
				EB49CB8B1D1BEE7E004D24EF /* Supporting Files */,
			);
			path = popMM;
			sourceTree = "<group>";
		};
		EB49CB8B1D1BEE7E004D24EF /* Supporting Files */ = {
			isa = PBXGroup;
			children = (
				EB49CB8C1D1BEE7E004D24EF /* main.m */,
			);
			name = "Supporting Files";
			sourceTree = "<group>";
		};
/* End PBXGroup section */

/* Begin PBXNativeTarget section */
		EB49CB871D1BEE7E004D24EF /* popMM */ = {
			isa = PBXNativeTarget;
			buildConfigurationList = EB49CB9F1D1BEE7E004D24EF /* Build configuration list for PBXNativeTarget "popMM" */;
			buildPhases = (
				EB49CB841D1BEE7E004D24EF /* Sources */,
				EB49CB851D1BEE7E004D24EF /* Frameworks */,
				EB49CB861D1BEE7E004D24EF /* Resources */,
			);
			buildRules = (
			);
			dependencies = (
			);
			name = popMM;
			productName = popMM;
			productReference = EB49CB881D1BEE7E004D24EF /* popMM.app */;
			productType = "com.apple.product-type.application";
		};
/* End PBXNativeTarget section */

/* Begin PBXProject section */
		EB49CB801D1BEE7E004D24EF /* Project object */ = {
			isa = PBXProject;
			attributes = {
				LastUpgradeCheck = 0730;
				ORGANIZATIONNAME = zwm;
				TargetAttributes = {
					EB49CB871D1BEE7E004D24EF = {
						CreatedOnToolsVersion = 7.3;
					};
				};
			};
			buildConfigurationList = EB49CB831D1BEE7E004D24EF /* Build configuration list for PBXProject "popMM" */;
			compatibilityVersion = "Xcode 3.2";
			developmentRegion = English;
			hasScannedForEncodings = 0;
			knownRegions = (
				en,
				Base,
			);
			mainGroup = EB49CB7F1D1BEE7E004D24EF;
			productRefGroup = EB49CB891D1BEE7E004D24EF /* Products */;
			projectDirPath = "";
			projectRoot = "";
			targets = (
				EB49CB871D1BEE7E004D24EF /* popMM */,
			);
		};
/* End PBXProject section */

/* Begin PBXResourcesBuildPhase section */
		EB49CB861D1BEE7E004D24EF /* Resources */ = {
			isa = PBXResourcesBuildPhase;
			buildActionMask = 2147483647;
			files = (
				EB49CB9B1D1BEE7E004D24EF /* LaunchScreen.storyboard in Resources */,
				EB49CB981D1BEE7E004D24EF /* Assets.xcassets in Resources */,
				EB49CBA31D1BEE8D004D24EF /* Main.storyboard in Resources */,
			);
			runOnlyForDeploymentPostprocessing = 0;
		};
/* End PBXResourcesBuildPhase section */

/* Begin PBXSourcesBuildPhase section */
		EB49CB841D1BEE7E004D24EF /* Sources */ = {
			isa = PBXSourcesBuildPhase;
			buildActionMask = 2147483647;
			files = (
				EB49CBA51D1BEEAD004D24EF /* ViewController.m in Sources */,
				EB49CB901D1BEE7E004D24EF /* AppDelegate.m in Sources */,
				EB49CB8D1D1BEE7E004D24EF /* main.m in Sources */,
			);
			runOnlyForDeploymentPostprocessing = 0;
		};
/* End PBXSourcesBuildPhase section */

/* Begin PBXVariantGroup section */
		EB49CB991D1BEE7E004D24EF /* LaunchScreen.storyboard */ = {
			isa = PBXVariantGroup;
			children = (
				EB49CB9A1D1BEE7E004D24EF /* Base */,
			);
			name = LaunchScreen.storyboard;
			sourceTree = "<group>";
		};
/* End PBXVariantGroup section */

/* Begin XCBuildConfiguration section */
		EB49CB9D1D1BEE7E004D24EF /* Debug */ = {
			isa = XCBuildConfiguration;
			buildSettings = {
				ALWAYS_SEARCH_USER_PATHS = NO;
				CLANG_ANALYZER_NONNULL = YES;
				CLANG_CXX_LANGUAGE_STANDARD = "gnu++0x";
				CLANG_CXX_LIBRARY = "libc++";
				CLANG_ENABLE_MODULES = YES;
				CLANG_ENABLE_OBJC_ARC = YES;
				CLANG_WARN_BOOL_CONVERSION = YES;
				CLANG_WARN_CONSTANT_CONVERSION = YES;
				CLANG_WARN_DIRECT_OBJC_ISA_USAGE = YES_ERROR;
				CLANG_WARN_EMPTY_BODY = YES;
				CLANG_WARN_ENUM_CONVERSION = YES;
				CLANG_WARN_INT_CONVERSION = YES;
				CLANG_WARN_OBJC_ROOT_CLASS = YES_ERROR;
				CLANG_WARN_UNREACHABLE_CODE = YES;
				CLANG_WARN__DUPLICATE_METHOD_MATCH = YES;
				"CODE_SIGN_IDENTITY[sdk=iphoneos*]" = "iPhone Developer";
				COPY_PHASE_STRIP = NO;
				DEBUG_INFORMATION_FORMAT = dwarf;
				ENABLE_STRICT_OBJC_MSGSEND = YES;
				ENABLE_TESTABILITY = YES;
				GCC_C_LANGUAGE_STANDARD = gnu99;
				GCC_DYNAMIC_NO_PIC = NO;
				GCC_NO_COMMON_BLOCKS = YES;
				GCC_OPTIMIZATION_LEVEL = 0;
				GCC_PREPROCESSOR_DEFINITIONS = (
					"DEBUG=1",
					"$(inherited)",
				);
				GCC_WARN_64_TO_32_BIT_CONVERSION = YES;
				GCC_WARN_ABOUT_RETURN_TYPE = YES_ERROR;
				GCC_WARN_UNDECLARED_SELECTOR = YES;
				GCC_WARN_UNINITIALIZED_AUTOS = YES_AGGRESSIVE;
				GCC_WARN_UNUSED_FUNCTION = YES;
				GCC_WARN_UNUSED_VARIABLE = YES;
				IPHONEOS_DEPLOYMENT_TARGET = 9.3;
				MTL_ENABLE_DEBUG_INFO = YES;
				ONLY_ACTIVE_ARCH = YES;
				SDKROOT = iphoneos;
				TARGETED_DEVICE_FAMILY = "1,2";
			};
			name = Debug;
		};
		EB49CB9E1D1BEE7E004D24EF /* Release */ = {
			isa = XCBuildConfiguration;
			buildSettings = {
				ALWAYS_SEARCH_USER_PATHS = NO;
				CLANG_ANALYZER_NONNULL = YES;
				CLANG_CXX_LANGUAGE_STANDARD = "gnu++0x";
				CLANG_CXX_LIBRARY = "libc++";
				CLANG_ENABLE_MODULES = YES;
				CLANG_ENABLE_OBJC_ARC = YES;
				CLANG_WARN_BOOL_CONVERSION = YES;
				CLANG_WARN_CONSTANT_CONVERSION = YES;
				CLANG_WARN_DIRECT_OBJC_ISA_USAGE = YES_ERROR;
				CLANG_WARN_EMPTY_BODY = YES;
				CLANG_WARN_ENUM_CONVERSION = YES;
				CLANG_WARN_INT_CONVERSION = YES;
				CLANG_WARN_OBJC_ROOT_CLASS = YES_ERROR;
				CLANG_WARN_UNREACHABLE_CODE = YES;
				CLANG_WARN__DUPLICATE_METHOD_MATCH = YES;
				"CODE_SIGN_IDENTITY[sdk=iphoneos*]" = "iPhone Developer";
				COPY_PHASE_STRIP = NO;
				DEBUG_INFORMATION_FORMAT = "dwarf-with-dsym";
				ENABLE_NS_ASSERTIONS = NO;
				ENABLE_STRICT_OBJC_MSGSEND = YES;
				GCC_C_LANGUAGE_STANDARD = gnu99;
				GCC_NO_COMMON_BLOCKS = YES;
				GCC_WARN_64_TO_32_BIT_CONVERSION = YES;
				GCC_WARN_ABOUT_RETURN_TYPE = YES_ERROR;
				GCC_WARN_UNDECLARED_SELECTOR = YES;
				GCC_WARN_UNINITIALIZED_AUTOS = YES_AGGRESSIVE;
				GCC_WARN_UNUSED_FUNCTION = YES;
				GCC_WARN_UNUSED_VARIABLE = YES;
				IPHONEOS_DEPLOYMENT_TARGET = 9.3;
				MTL_ENABLE_DEBUG_INFO = NO;
				SDKROOT = iphoneos;
				TARGETED_DEVICE_FAMILY = "1,2";
				VALIDATE_PRODUCT = YES;
			};
			name = Release;
		};
		EB49CBA01D1BEE7E004D24EF /* Debug */ = {
			isa = XCBuildConfiguration;
			buildSettings = {
				ASSETCATALOG_COMPILER_APPICON_NAME = AppIcon;
				INFOPLIST_FILE = popMM/Info.plist;
				LD_RUNPATH_SEARCH_PATHS = "$(inherited) @executable_path/Frameworks";
				PRODUCT_BUNDLE_IDENTIFIER = enhance.popMM;
				PRODUCT_NAME = "$(TARGET_NAME)";
			};
			name = Debug;
		};
		EB49CBA11D1BEE7E004D24EF /* Release */ = {
			isa = XCBuildConfiguration;
			buildSettings = {
				ASSETCATALOG_COMPILER_APPICON_NAME = AppIcon;
				INFOPLIST_FILE = popMM/Info.plist;
				LD_RUNPATH_SEARCH_PATHS = "$(inherited) @executable_path/Frameworks";
				PRODUCT_BUNDLE_IDENTIFIER = enhance.popMM;
				PRODUCT_NAME = "$(TARGET_NAME)";
			};
			name = Release;
		};
/* End XCBuildConfiguration section */

/* Begin XCConfigurationList section */
		EB49CB831D1BEE7E004D24EF /* Build configuration list for PBXProject "popMM" */ = {
			isa = XCConfigurationList;
			buildConfigurations = (
				EB49CB9D1D1BEE7E004D24EF /* Debug */,
				EB49CB9E1D1BEE7E004D24EF /* Release */,
			);
			defaultConfigurationIsVisible = 0;
			defaultConfigurationName = Release;
		};
		EB49CB9F1D1BEE7E004D24EF /* Build configuration list for PBXNativeTarget "popMM" */ = {
			isa = XCConfigurationList;
			buildConfigurations = (
				EB49CBA01D1BEE7E004D24EF /* Debug */,
				EB49CBA11D1BEE7E004D24EF /* Release */,
			);
			defaultConfigurationIsVisible = 0;
		};
/* End XCConfigurationList section */
	};
	rootObject = EB49CB801D1BEE7E004D24EF /* Project object */;
}
